{
  "version": 4,
  "terraform_version": "1.10.5",
  "serial": 20,
  "lineage": "48128231-ca11-6ea9-3275-c91f38215600",
  "outputs": {
    "vg_uptime_check_id": {
      "value": "7529928",
      "type": "string"
    }
  },
  "resources": [
    {
      "mode": "managed",
      "type": "statuscake_contact_group",
      "name": "ops_team",
      "provider": "provider[\"registry.terraform.io/statuscakedev/statuscake\"]",
      "instances": [
        {
          "schema_version": 0,
          "attributes": {
            "email_addresses": [
              "ole.magnus.letrud@gmail.com"
            ],
            "id": "332033",
            "integrations": null,
            "mobile_numbers": null,
            "name": "Team Ole Konter Eskamen",
            "ping_url": ""
          },
          "sensitive_attributes": [],
          "private": "bnVsbA=="
        }
      ]
    },
    {
      "mode": "managed",
      "type": "statuscake_uptime_check",
      "name": "vg",
      "provider": "provider[\"registry.terraform.io/statuscakedev/statuscake\"]",
      "instances": [
        {
          "schema_version": 0,
          "attributes": {
            "check_interval": 60,
            "confirmation": 1,
            "contact_groups": [
              "332033"
            ],
            "dns_check": [],
            "http_check": [
              {
                "basic_authentication": [],
                "content_matchers": [],
                "enable_cookies": false,
                "final_endpoint": "",
                "follow_redirects": true,
                "request_headers": {},
                "request_method": "HTTP",
                "request_payload": {},
                "request_payload_raw": "",
                "status_codes": [
                  "200",
                  "301",
                  "302"
                ],
                "timeout": 30,
                "user_agent": "",
                "validate_ssl": false
              }
            ],
            "icmp_check": [],
            "id": "7529928",
            "locations": [],
            "monitored_resource": [
              {
                "address": "https://www.vg.no/",
                "host": ""
              }
            ],
            "name": "VG Website Monitoring",
            "paused": false,
            "regions": null,
            "tags": [
              "production"
            ],
            "tcp_check": [],
            "trigger_rate": 10
          },
          "sensitive_attributes": [],
          "private": "bnVsbA==",
          "dependencies": [
            "statuscake_contact_group.ops_team"
          ]
        }
      ]
    }
  ],
  "check_results": null
}
